
Microsoft Visual Studio Solution File, Format Version 12.00
# Visual Studio 15
VisualStudioVersion = 15.0.28307.705
MinimumVisualStudioVersion = 10.0.40219.1
Project("{9A19103F-16F7-4668-BE54-9A1E7A4F7556}") = "DaysOfCode", "DaysOfCode\DaysOfCode.csproj", "{0DB65C23-5776-4AEE-A5FA-EEA9E78B9181}"
EndProject
Project("{FAE04EC0-301F-11D3-BF4B-00C04F79EFBC}") = "DaysOfCodeTests", "DaysOfCodeTests\DaysOfCodeTests.csproj", "{DC9936BC-9BCF-4545-9BE2-E494E9EF2F8D}"
EndProject
Global
	GlobalSection(SolutionConfigurationPlatforms) = preSolution
		Debug|Any CPU = Debug|Any CPU
		Release|Any CPU = Release|Any CPU
	EndGlobalSection
	GlobalSection(ProjectConfigurationPlatforms) = postSolution
		{0DB65C23-5776-4AEE-A5FA-EEA9E78B9181}.Debug|Any CPU.ActiveCfg = Debug|Any CPU
		{0DB65C23-5776-4AEE-A5FA-EEA9E78B9181}.Debug|Any CPU.Build.0 = Debug|Any CPU
		{0DB65C23-5776-4AEE-A5FA-EEA9E78B9181}.Release|Any CPU.ActiveCfg = Release|Any CPU
		{0DB65C23-5776-4AEE-A5FA-EEA9E78B9181}.Release|Any CPU.Build.0 = Release|Any CPU
		{DC9936BC-9BCF-4545-9BE2-E494E9EF2F8D}.Debug|Any CPU.ActiveCfg = Debug|Any CPU
		{DC9936BC-9BCF-4545-9BE2-E494E9EF2F8D}.Debug|Any CPU.Build.0 = Debug|Any CPU
		{DC9936BC-9BCF-4545-9BE2-E494E9EF2F8D}.Release|Any CPU.ActiveCfg = Release|Any CPU
		{DC9936BC-9BCF-4545-9BE2-E494E9EF2F8D}.Release|Any CPU.Build.0 = Release|Any CPU
	EndGlobalSection
	GlobalSection(SolutionProperties) = preSolution
		HideSolutionNode = FALSE
	EndGlobalSection
	GlobalSection(ExtensibilityGlobals) = postSolution
		SolutionGuid = {44489819-C7CE-4BC7-8C09-99A5F0F3F95F}
	EndGlobalSection
EndGlobal
